
Microsoft Visual Studio Solution File, Format Version 12.00
# Visual Studio Version 16
VisualStudioVersion = 16.0.30225.117
MinimumVisualStudioVersion = 10.0.40219.1
Project("{FAE04EC0-301F-11D3-BF4B-00C04F79EFBC}") = "MercaFruverWS", "MercaFruverWS\MercaFruverWS.csproj", "{349E101C-4CED-49BF-96A1-E05C6740A539}"
EndProject
Project("{FAE04EC0-301F-11D3-BF4B-00C04F79EFBC}") = "ModelService", "ModelService\ModelService.csproj", "{1F7B414F-D0E4-45EC-8003-0C10F29D1E48}"
EndProject
Project("{FAE04EC0-301F-11D3-BF4B-00C04F79EFBC}") = "LogicService", "LogicService\LogicService.csproj", "{7272FFAE-9E6E-4D5F-9846-41C38FCC8103}"
EndProject
Global
	GlobalSection(SolutionConfigurationPlatforms) = preSolution
		Debug|Any CPU = Debug|Any CPU
		Release|Any CPU = Release|Any CPU
	EndGlobalSection
	GlobalSection(ProjectConfigurationPlatforms) = postSolution
		{349E101C-4CED-49BF-96A1-E05C6740A539}.Debug|Any CPU.ActiveCfg = Debug|Any CPU
		{349E101C-4CED-49BF-96A1-E05C6740A539}.Debug|Any CPU.Build.0 = Debug|Any CPU
		{349E101C-4CED-49BF-96A1-E05C6740A539}.Release|Any CPU.ActiveCfg = Release|Any CPU
		{349E101C-4CED-49BF-96A1-E05C6740A539}.Release|Any CPU.Build.0 = Release|Any CPU
		{1F7B414F-D0E4-45EC-8003-0C10F29D1E48}.Debug|Any CPU.ActiveCfg = Debug|Any CPU
		{1F7B414F-D0E4-45EC-8003-0C10F29D1E48}.Debug|Any CPU.Build.0 = Debug|Any CPU
		{1F7B414F-D0E4-45EC-8003-0C10F29D1E48}.Release|Any CPU.ActiveCfg = Release|Any CPU
		{1F7B414F-D0E4-45EC-8003-0C10F29D1E48}.Release|Any CPU.Build.0 = Release|Any CPU
		{7272FFAE-9E6E-4D5F-9846-41C38FCC8103}.Debug|Any CPU.ActiveCfg = Debug|Any CPU
		{7272FFAE-9E6E-4D5F-9846-41C38FCC8103}.Debug|Any CPU.Build.0 = Debug|Any CPU
		{7272FFAE-9E6E-4D5F-9846-41C38FCC8103}.Release|Any CPU.ActiveCfg = Release|Any CPU
		{7272FFAE-9E6E-4D5F-9846-41C38FCC8103}.Release|Any CPU.Build.0 = Release|Any CPU
	EndGlobalSection
	GlobalSection(SolutionProperties) = preSolution
		HideSolutionNode = FALSE
	EndGlobalSection
	GlobalSection(ExtensibilityGlobals) = postSolution
		SolutionGuid = {8AB86E57-40A8-486F-9B9C-E203C5170793}
	EndGlobalSection
EndGlobal
